{
  "name": "planer",
  "version": "1.0.0",
  "lockfileVersion": 1,
  "requires": true,
  "dependencies": {
    "babel-runtime": {
      "version": "6.26.0",
      "resolved": "https://registry.npmjs.org/babel-runtime/-/babel-runtime-6.26.0.tgz",
      "integrity": "sha1-llxwWGaOgrVde/4E/yM3vItWR/4=",
      "requires": {
        "core-js": "2.5.1",
        "regenerator-runtime": "0.11.0"
      }
    },
    "core-js": {
      "version": "2.5.1",
      "resolved": "https://registry.npmjs.org/core-js/-/core-js-2.5.1.tgz",
      "integrity": "sha1-rmh03GaTd4m4B1T/VCjfZoGcpQs="
    },
    "moment": {
      "version": "2.19.1",
      "resolved": "https://registry.npmjs.org/moment/-/moment-2.19.1.tgz",
      "integrity": "sha1-VtoaLRy/AdOLfhr8McELz6GSkWc="
    },
    "regenerator-runtime": {
      "version": "0.11.0",
      "resolved": "https://registry.npmjs.org/regenerator-runtime/-/regenerator-runtime-0.11.0.tgz",
      "integrity": "sha512-/aA0kLeRb5N9K0d4fw7ooEbI+xDe+DKD499EQqygGqeS8N3xto15p09uY2xj7ixP81sNPXvRLnAQIqdVStgb1A=="
    },
    "vue-datepicker": {
      "version": "1.3.0",
      "resolved": "https://registry.npmjs.org/vue-datepicker/-/vue-datepicker-1.3.0.tgz",
      "integrity": "sha1-EvNfRNj5m3uTjFc13L6gJYsL+Aw=",
      "requires": {
        "moment": "2.19.1"
      }
    },
    "vue-material-datepicker": {
      "version": "2.0.1",
      "resolved": "https://registry.npmjs.org/vue-material-datepicker/-/vue-material-datepicker-2.0.1.tgz",
      "integrity": "sha1-EG5bOBsxA445XkeQRusWJMhluwY=",
      "requires": {
        "babel-runtime": "6.26.0",
        "vue": "2.5.1"
      },
      "dependencies": {
        "vue": {
          "version": "2.5.1",
          "resolved": "https://registry.npmjs.org/vue/-/vue-2.5.1.tgz",
          "integrity": "sha512-gOTOjZZWXxXmYkchkdJ3mKi9AbkwWIc0O9yOQYbEdgigy8YI7eh7h2YS3qnDr4UIjvnrbNPbbS+OjO3Qipl4EQ=="
        }
      }
    }
  }
}
